
Microsoft Visual Studio Solution File, Format Version 12.00
# Visual Studio 14
VisualStudioVersion = 14.0.25420.1
MinimumVisualStudioVersion = 10.0.40219.1
Project("{FAE04EC0-301F-11D3-BF4B-00C04F79EFBC}") = "BookOnline", "BookOnline\BookOnline.csproj", "{F90E1F6D-1DAB-4737-82A8-1DAEA2946EC8}"
EndProject
Project("{2150E333-8FDC-42A3-9474-1A3956D46DE8}") = "BLL", "BLL", "{17466834-4B1B-49B7-80BC-FAC737134C9E}"
EndProject
Project("{2150E333-8FDC-42A3-9474-1A3956D46DE8}") = "DAL", "DAL", "{220D4BD7-8556-426C-9812-37EC9A100190}"
EndProject
Project("{2150E333-8FDC-42A3-9474-1A3956D46DE8}") = "Model", "Model", "{C1556ADC-195E-4FC4-AE10-BB1D3F0A5A9B}"
EndProject
Project("{FAE04EC0-301F-11D3-BF4B-00C04F79EFBC}") = "Entity", "Entity\Entity.csproj", "{D4E15710-C274-4F73-AF9C-C86606D942D1}"
EndProject
Project("{FAE04EC0-301F-11D3-BF4B-00C04F79EFBC}") = "IDAL", "IDAL\IDAL.csproj", "{DCEF0659-34C7-4214-B7DE-DE37D2D5A5F2}"
EndProject
Project("{FAE04EC0-301F-11D3-BF4B-00C04F79EFBC}") = "DAL", "DAL\DAL.csproj", "{D7A0D360-2CB0-4B02-87D3-FFC671A21001}"
EndProject
Project("{2150E333-8FDC-42A3-9474-1A3956D46DE8}") = "Common", "Common", "{7D472E1A-BB77-4E11-AE02-517F8B4AB770}"
EndProject
Project("{FAE04EC0-301F-11D3-BF4B-00C04F79EFBC}") = "Common", "Common\Common.csproj", "{8A434691-C78F-4596-B0CC-2F77FEA4EEA5}"
EndProject
Project("{FAE04EC0-301F-11D3-BF4B-00C04F79EFBC}") = "CommonTests", "CommonTests\CommonTests.csproj", "{72222368-72FA-4401-957D-B68DAB0338EA}"
EndProject
Global
	GlobalSection(SolutionConfigurationPlatforms) = preSolution
		Debug|Any CPU = Debug|Any CPU
		Release|Any CPU = Release|Any CPU
	EndGlobalSection
	GlobalSection(ProjectConfigurationPlatforms) = postSolution
		{F90E1F6D-1DAB-4737-82A8-1DAEA2946EC8}.Debug|Any CPU.ActiveCfg = Debug|Any CPU
		{F90E1F6D-1DAB-4737-82A8-1DAEA2946EC8}.Debug|Any CPU.Build.0 = Debug|Any CPU
		{F90E1F6D-1DAB-4737-82A8-1DAEA2946EC8}.Release|Any CPU.ActiveCfg = Release|Any CPU
		{F90E1F6D-1DAB-4737-82A8-1DAEA2946EC8}.Release|Any CPU.Build.0 = Release|Any CPU
		{D4E15710-C274-4F73-AF9C-C86606D942D1}.Debug|Any CPU.ActiveCfg = Debug|Any CPU
		{D4E15710-C274-4F73-AF9C-C86606D942D1}.Debug|Any CPU.Build.0 = Debug|Any CPU
		{D4E15710-C274-4F73-AF9C-C86606D942D1}.Release|Any CPU.ActiveCfg = Release|Any CPU
		{D4E15710-C274-4F73-AF9C-C86606D942D1}.Release|Any CPU.Build.0 = Release|Any CPU
		{DCEF0659-34C7-4214-B7DE-DE37D2D5A5F2}.Debug|Any CPU.ActiveCfg = Debug|Any CPU
		{DCEF0659-34C7-4214-B7DE-DE37D2D5A5F2}.Debug|Any CPU.Build.0 = Debug|Any CPU
		{DCEF0659-34C7-4214-B7DE-DE37D2D5A5F2}.Release|Any CPU.ActiveCfg = Release|Any CPU
		{DCEF0659-34C7-4214-B7DE-DE37D2D5A5F2}.Release|Any CPU.Build.0 = Release|Any CPU
		{D7A0D360-2CB0-4B02-87D3-FFC671A21001}.Debug|Any CPU.ActiveCfg = Debug|Any CPU
		{D7A0D360-2CB0-4B02-87D3-FFC671A21001}.Debug|Any CPU.Build.0 = Debug|Any CPU
		{D7A0D360-2CB0-4B02-87D3-FFC671A21001}.Release|Any CPU.ActiveCfg = Release|Any CPU
		{D7A0D360-2CB0-4B02-87D3-FFC671A21001}.Release|Any CPU.Build.0 = Release|Any CPU
		{8A434691-C78F-4596-B0CC-2F77FEA4EEA5}.Debug|Any CPU.ActiveCfg = Debug|Any CPU
		{8A434691-C78F-4596-B0CC-2F77FEA4EEA5}.Debug|Any CPU.Build.0 = Debug|Any CPU
		{8A434691-C78F-4596-B0CC-2F77FEA4EEA5}.Release|Any CPU.ActiveCfg = Release|Any CPU
		{8A434691-C78F-4596-B0CC-2F77FEA4EEA5}.Release|Any CPU.Build.0 = Release|Any CPU
		{72222368-72FA-4401-957D-B68DAB0338EA}.Debug|Any CPU.ActiveCfg = Debug|Any CPU
		{72222368-72FA-4401-957D-B68DAB0338EA}.Debug|Any CPU.Build.0 = Debug|Any CPU
		{72222368-72FA-4401-957D-B68DAB0338EA}.Release|Any CPU.ActiveCfg = Release|Any CPU
		{72222368-72FA-4401-957D-B68DAB0338EA}.Release|Any CPU.Build.0 = Release|Any CPU
	EndGlobalSection
	GlobalSection(SolutionProperties) = preSolution
		HideSolutionNode = FALSE
	EndGlobalSection
	GlobalSection(NestedProjects) = preSolution
		{D4E15710-C274-4F73-AF9C-C86606D942D1} = {C1556ADC-195E-4FC4-AE10-BB1D3F0A5A9B}
		{DCEF0659-34C7-4214-B7DE-DE37D2D5A5F2} = {220D4BD7-8556-426C-9812-37EC9A100190}
		{D7A0D360-2CB0-4B02-87D3-FFC671A21001} = {220D4BD7-8556-426C-9812-37EC9A100190}
		{8A434691-C78F-4596-B0CC-2F77FEA4EEA5} = {7D472E1A-BB77-4E11-AE02-517F8B4AB770}
	EndGlobalSection
EndGlobal
