
Microsoft Visual Studio Solution File, Format Version 12.00
# Visual Studio Version 17
VisualStudioVersion = 17.1.32228.430
MinimumVisualStudioVersion = 10.0.40219.1
Project("{2150E333-8FDC-42A3-9474-1A3956D46DE8}") = "src", "src", "{15F8977E-E6B9-4580-87B4-C72DADB4099C}"
EndProject
Project("{2150E333-8FDC-42A3-9474-1A3956D46DE8}") = "core", "core", "{EEBDB39C-F773-4835-96A5-8B812E25E7D1}"
EndProject
Project("{9A19103F-16F7-4668-BE54-9A1E7A4F7556}") = "FantasySky.Core", "src\core\FantasySky.Core\FantasySky.Core.csproj", "{3527AECB-0F1F-4499-81F0-BA7F36AB2793}"
EndProject
Project("{9A19103F-16F7-4668-BE54-9A1E7A4F7556}") = "FantasySky.MongoDbCore", "src\core\FantasySky.MongoDB\FantasySky.MongoDbCore.csproj", "{22ACDC80-14D3-46F7-99E4-483FD295FCBA}"
EndProject
Project("{9A19103F-16F7-4668-BE54-9A1E7A4F7556}") = "FantasySky.AspNetCore", "src\core\FantasySky.AspNetCore\FantasySky.AspNetCore.csproj", "{CF6A2E99-94E9-47A3-9CCA-6C1C79CE5F12}"
EndProject
Project("{2150E333-8FDC-42A3-9474-1A3956D46DE8}") = "solution", "solution", "{80D5B385-E133-4F6E-9650-66FCA6FA9A20}"
	ProjectSection(SolutionItems) = preProject
		.dockerignore = .dockerignore
		.editorconfig = .editorconfig
		.gitignore = .gitignore
		Directory.Build.props = Directory.Build.props
		Directory.Build.targets = Directory.Build.targets
		README.md = README.md
	EndProjectSection
EndProject
Project("{2150E333-8FDC-42A3-9474-1A3956D46DE8}") = "test", "test", "{0868BF83-C7F4-4836-9A97-C6C1A9CC8E1C}"
EndProject
Project("{9A19103F-16F7-4668-BE54-9A1E7A4F7556}") = "LibraryManagement.UnitTest", "test\LibraryManagement.UnitTest\LibraryManagement.UnitTest.csproj", "{76E18E51-4B42-45F2-83AF-E898204DDF16}"
EndProject
Project("{2150E333-8FDC-42A3-9474-1A3956D46DE8}") = "client", "client", "{4726AFC4-2B27-48B2-B3AD-8643FF5C20AC}"
EndProject
Project("{2150E333-8FDC-42A3-9474-1A3956D46DE8}") = "services", "services", "{8FD10937-E5BD-4318-92BD-287B008AF8AE}"
EndProject
Project("{2150E333-8FDC-42A3-9474-1A3956D46DE8}") = "Manage", "Manage", "{5DE5C489-4318-4B6F-8E20-1720AC3EDD0C}"
EndProject
Project("{2150E333-8FDC-42A3-9474-1A3956D46DE8}") = "Crawler", "Crawler", "{08B8E604-C01C-4BF1-AF80-09C3B1705C1B}"
EndProject
Project("{2150E333-8FDC-42A3-9474-1A3956D46DE8}") = "Reader", "Reader", "{64F23F6A-4463-4F2F-B748-12AFA3BCDC55}"
EndProject
Project("{9A19103F-16F7-4668-BE54-9A1E7A4F7556}") = "LibraryManagement.Manage.Service", "src\services\Manage\LibraryManagement.Manage.Service\LibraryManagement.Manage.Service.csproj", "{F9413895-4230-4F79-943A-A0441B0B4CFE}"
EndProject
Project("{9A19103F-16F7-4668-BE54-9A1E7A4F7556}") = "LibraryManagement.Manage.Dal", "src\services\Manage\LibraryManagement.Manage.Dal\LibraryManagement.Manage.Dal.csproj", "{E586998D-AAEC-4CC9-A39B-E1500C0E03C1}"
EndProject
Project("{9A19103F-16F7-4668-BE54-9A1E7A4F7556}") = "LibraryManagement.Manage.Abstractions", "src\services\Manage\LibraryManagement.Manage.Abstractions\LibraryManagement.Manage.Abstractions.csproj", "{33CA6229-460C-4495-892F-764D3D26B5D9}"
EndProject
Project("{FAE04EC0-301F-11D3-BF4B-00C04F79EFBC}") = "LibraryManagement.Manage.Controller", "src\services\Manage\LibraryManagement.Manage.Controller\LibraryManagement.Manage.Controller.csproj", "{CAA0D4EF-BD87-4F3C-8973-775426F7380D}"
EndProject
Project("{FAE04EC0-301F-11D3-BF4B-00C04F79EFBC}") = "LibraryManagement.Manage.Web", "src\services\Manage\LibraryManagement.Manage.Web\LibraryManagement.Manage.Web.csproj", "{C97882D4-694D-4A69-B0DE-E58A755882DA}"
EndProject
Global
	GlobalSection(SolutionConfigurationPlatforms) = preSolution
		Debug|Any CPU = Debug|Any CPU
		Release|Any CPU = Release|Any CPU
	EndGlobalSection
	GlobalSection(ProjectConfigurationPlatforms) = postSolution
		{3527AECB-0F1F-4499-81F0-BA7F36AB2793}.Debug|Any CPU.ActiveCfg = Debug|Any CPU
		{3527AECB-0F1F-4499-81F0-BA7F36AB2793}.Debug|Any CPU.Build.0 = Debug|Any CPU
		{3527AECB-0F1F-4499-81F0-BA7F36AB2793}.Release|Any CPU.ActiveCfg = Release|Any CPU
		{3527AECB-0F1F-4499-81F0-BA7F36AB2793}.Release|Any CPU.Build.0 = Release|Any CPU
		{22ACDC80-14D3-46F7-99E4-483FD295FCBA}.Debug|Any CPU.ActiveCfg = Debug|Any CPU
		{22ACDC80-14D3-46F7-99E4-483FD295FCBA}.Debug|Any CPU.Build.0 = Debug|Any CPU
		{22ACDC80-14D3-46F7-99E4-483FD295FCBA}.Release|Any CPU.ActiveCfg = Release|Any CPU
		{22ACDC80-14D3-46F7-99E4-483FD295FCBA}.Release|Any CPU.Build.0 = Release|Any CPU
		{CF6A2E99-94E9-47A3-9CCA-6C1C79CE5F12}.Debug|Any CPU.ActiveCfg = Debug|Any CPU
		{CF6A2E99-94E9-47A3-9CCA-6C1C79CE5F12}.Debug|Any CPU.Build.0 = Debug|Any CPU
		{CF6A2E99-94E9-47A3-9CCA-6C1C79CE5F12}.Release|Any CPU.ActiveCfg = Release|Any CPU
		{CF6A2E99-94E9-47A3-9CCA-6C1C79CE5F12}.Release|Any CPU.Build.0 = Release|Any CPU
		{76E18E51-4B42-45F2-83AF-E898204DDF16}.Debug|Any CPU.ActiveCfg = Debug|Any CPU
		{76E18E51-4B42-45F2-83AF-E898204DDF16}.Debug|Any CPU.Build.0 = Debug|Any CPU
		{76E18E51-4B42-45F2-83AF-E898204DDF16}.Release|Any CPU.ActiveCfg = Release|Any CPU
		{76E18E51-4B42-45F2-83AF-E898204DDF16}.Release|Any CPU.Build.0 = Release|Any CPU
		{F9413895-4230-4F79-943A-A0441B0B4CFE}.Debug|Any CPU.ActiveCfg = Debug|Any CPU
		{F9413895-4230-4F79-943A-A0441B0B4CFE}.Debug|Any CPU.Build.0 = Debug|Any CPU
		{F9413895-4230-4F79-943A-A0441B0B4CFE}.Release|Any CPU.ActiveCfg = Release|Any CPU
		{F9413895-4230-4F79-943A-A0441B0B4CFE}.Release|Any CPU.Build.0 = Release|Any CPU
		{E586998D-AAEC-4CC9-A39B-E1500C0E03C1}.Debug|Any CPU.ActiveCfg = Debug|Any CPU
		{E586998D-AAEC-4CC9-A39B-E1500C0E03C1}.Debug|Any CPU.Build.0 = Debug|Any CPU
		{E586998D-AAEC-4CC9-A39B-E1500C0E03C1}.Release|Any CPU.ActiveCfg = Release|Any CPU
		{E586998D-AAEC-4CC9-A39B-E1500C0E03C1}.Release|Any CPU.Build.0 = Release|Any CPU
		{33CA6229-460C-4495-892F-764D3D26B5D9}.Debug|Any CPU.ActiveCfg = Debug|Any CPU
		{33CA6229-460C-4495-892F-764D3D26B5D9}.Debug|Any CPU.Build.0 = Debug|Any CPU
		{33CA6229-460C-4495-892F-764D3D26B5D9}.Release|Any CPU.ActiveCfg = Release|Any CPU
		{33CA6229-460C-4495-892F-764D3D26B5D9}.Release|Any CPU.Build.0 = Release|Any CPU
		{CAA0D4EF-BD87-4F3C-8973-775426F7380D}.Debug|Any CPU.ActiveCfg = Debug|Any CPU
		{CAA0D4EF-BD87-4F3C-8973-775426F7380D}.Debug|Any CPU.Build.0 = Debug|Any CPU
		{CAA0D4EF-BD87-4F3C-8973-775426F7380D}.Release|Any CPU.ActiveCfg = Release|Any CPU
		{CAA0D4EF-BD87-4F3C-8973-775426F7380D}.Release|Any CPU.Build.0 = Release|Any CPU
		{C97882D4-694D-4A69-B0DE-E58A755882DA}.Debug|Any CPU.ActiveCfg = Debug|Any CPU
		{C97882D4-694D-4A69-B0DE-E58A755882DA}.Debug|Any CPU.Build.0 = Debug|Any CPU
		{C97882D4-694D-4A69-B0DE-E58A755882DA}.Release|Any CPU.ActiveCfg = Release|Any CPU
		{C97882D4-694D-4A69-B0DE-E58A755882DA}.Release|Any CPU.Build.0 = Release|Any CPU
	EndGlobalSection
	GlobalSection(SolutionProperties) = preSolution
		HideSolutionNode = FALSE
	EndGlobalSection
	GlobalSection(NestedProjects) = preSolution
		{EEBDB39C-F773-4835-96A5-8B812E25E7D1} = {15F8977E-E6B9-4580-87B4-C72DADB4099C}
		{3527AECB-0F1F-4499-81F0-BA7F36AB2793} = {EEBDB39C-F773-4835-96A5-8B812E25E7D1}
		{22ACDC80-14D3-46F7-99E4-483FD295FCBA} = {EEBDB39C-F773-4835-96A5-8B812E25E7D1}
		{CF6A2E99-94E9-47A3-9CCA-6C1C79CE5F12} = {EEBDB39C-F773-4835-96A5-8B812E25E7D1}
		{76E18E51-4B42-45F2-83AF-E898204DDF16} = {0868BF83-C7F4-4836-9A97-C6C1A9CC8E1C}
		{4726AFC4-2B27-48B2-B3AD-8643FF5C20AC} = {15F8977E-E6B9-4580-87B4-C72DADB4099C}
		{8FD10937-E5BD-4318-92BD-287B008AF8AE} = {15F8977E-E6B9-4580-87B4-C72DADB4099C}
		{5DE5C489-4318-4B6F-8E20-1720AC3EDD0C} = {8FD10937-E5BD-4318-92BD-287B008AF8AE}
		{08B8E604-C01C-4BF1-AF80-09C3B1705C1B} = {8FD10937-E5BD-4318-92BD-287B008AF8AE}
		{64F23F6A-4463-4F2F-B748-12AFA3BCDC55} = {8FD10937-E5BD-4318-92BD-287B008AF8AE}
		{F9413895-4230-4F79-943A-A0441B0B4CFE} = {5DE5C489-4318-4B6F-8E20-1720AC3EDD0C}
		{E586998D-AAEC-4CC9-A39B-E1500C0E03C1} = {5DE5C489-4318-4B6F-8E20-1720AC3EDD0C}
		{33CA6229-460C-4495-892F-764D3D26B5D9} = {5DE5C489-4318-4B6F-8E20-1720AC3EDD0C}
		{CAA0D4EF-BD87-4F3C-8973-775426F7380D} = {5DE5C489-4318-4B6F-8E20-1720AC3EDD0C}
		{C97882D4-694D-4A69-B0DE-E58A755882DA} = {5DE5C489-4318-4B6F-8E20-1720AC3EDD0C}
	EndGlobalSection
	GlobalSection(ExtensibilityGlobals) = postSolution
		SolutionGuid = {C51C9804-B1DE-4DD9-9129-A656E24A576F}
	EndGlobalSection
EndGlobal
